
Microsoft Visual Studio Solution File, Format Version 12.00
# Visual Studio Version 16
VisualStudioVersion = 16.0.29409.12
MinimumVisualStudioVersion = 10.0.40219.1
Project("{9A19103F-16F7-4668-BE54-9A1E7A4F7556}") = "bit.common", "bit.common\bit.common.csproj", "{E0D99540-793D-434C-914F-343A7D44BF3E}"
EndProject
Project("{9A19103F-16F7-4668-BE54-9A1E7A4F7556}") = "bit.api", "bit.api\bit.api.csproj", "{BA094911-9BF1-46B0-95B2-99361E369406}"
EndProject
Global
	GlobalSection(SolutionConfigurationPlatforms) = preSolution
		Debug|Any CPU = Debug|Any CPU
		Release|Any CPU = Release|Any CPU
	EndGlobalSection
	GlobalSection(ProjectConfigurationPlatforms) = postSolution
		{E0D99540-793D-434C-914F-343A7D44BF3E}.Debug|Any CPU.ActiveCfg = Debug|Any CPU
		{E0D99540-793D-434C-914F-343A7D44BF3E}.Debug|Any CPU.Build.0 = Debug|Any CPU
		{E0D99540-793D-434C-914F-343A7D44BF3E}.Release|Any CPU.ActiveCfg = Release|Any CPU
		{E0D99540-793D-434C-914F-343A7D44BF3E}.Release|Any CPU.Build.0 = Release|Any CPU
		{BA094911-9BF1-46B0-95B2-99361E369406}.Debug|Any CPU.ActiveCfg = Debug|Any CPU
		{BA094911-9BF1-46B0-95B2-99361E369406}.Debug|Any CPU.Build.0 = Debug|Any CPU
		{BA094911-9BF1-46B0-95B2-99361E369406}.Release|Any CPU.ActiveCfg = Release|Any CPU
		{BA094911-9BF1-46B0-95B2-99361E369406}.Release|Any CPU.Build.0 = Release|Any CPU
	EndGlobalSection
	GlobalSection(SolutionProperties) = preSolution
		HideSolutionNode = FALSE
	EndGlobalSection
	GlobalSection(ExtensibilityGlobals) = postSolution
		SolutionGuid = {1DB31DA2-A191-4ECB-BBA2-7C9881C395B7}
	EndGlobalSection
EndGlobal
